<Solution>
  <Project Path="src/NetOpenGrid.Domain/NetOpenGrid.Domain.csproj" />
  <Project Path="src/NetOpenGrid.Application/NetOpenGrid.Application.csproj" />
  <Project Path="src/NetOpenGrid.Infrastructure/NetOpenGrid.Infrastructure.csproj" />
  <Project Path="src/NetOpenGrid.Persistence.EFCore/NetOpenGrid.Persistence.EFCore.csproj" />
  <Project Path="src/NetOpenGrid.Persistence.Npgsql/NetOpenGrid.Persistence.Npgsql.csproj" />
  <Project Path="src/NetOpenGrid/NetOpenGrid.csproj" />
  <Project Path="src/NetOpenGrid.Host/NetOpenGrid.Host.csproj" />
  <Project Path="samples/NetOpenGrid.Example/NetOpenGrid.Example.csproj" />
  <Project Path="tests/NetOpenGrid.Domain.Tests/NetOpenGrid.Domain.Tests.csproj" />
  <Project Path="tests/NetOpenGrid.Application.Tests/NetOpenGrid.Application.Tests.csproj" />
  <Project Path="tests/NetOpenGrid.Persistence.EFCore.Tests/NetOpenGrid.Persistence.EFCore.Tests.csproj" />
  <Project Path="tests/NetOpenGrid.Persistence.Npgsql.Tests/NetOpenGrid.Persistence.Npgsql.Tests.csproj" />
  <Project Path="tests/NetOpenGrid.Integration.Tests/NetOpenGrid.Integration.Tests.csproj" />
</Solution>
